
Microsoft Visual Studio Solution File, Format Version 12.00
# Visual Studio 2013
VisualStudioVersion = 12.0.21005.1
MinimumVisualStudioVersion = 10.0.40219.1
Project("{F184B08F-C81C-45F6-A57F-5ABD9991F28F}") = "Acro Finance UI", "WindowsApplication8\Acro Finance UI.vbproj", "{312A1E58-43E5-4033-BF6A-9EDF4D19648B}"
EndProject
Global
	GlobalSection(SolutionConfigurationPlatforms) = preSolution
		Debug|Any CPU = Debug|Any CPU
		Release|Any CPU = Release|Any CPU
	EndGlobalSection
	GlobalSection(ProjectConfigurationPlatforms) = postSolution
		{312A1E58-43E5-4033-BF6A-9EDF4D19648B}.Debug|Any CPU.ActiveCfg = Debug|Any CPU
		{312A1E58-43E5-4033-BF6A-9EDF4D19648B}.Debug|Any CPU.Build.0 = Debug|Any CPU
		{312A1E58-43E5-4033-BF6A-9EDF4D19648B}.Release|Any CPU.ActiveCfg = Release|Any CPU
		{312A1E58-43E5-4033-BF6A-9EDF4D19648B}.Release|Any CPU.Build.0 = Release|Any CPU
	EndGlobalSection
	GlobalSection(SolutionProperties) = preSolution
		HideSolutionNode = FALSE
	EndGlobalSection
EndGlobal
